PODS:
  - Flutter (1.0.0)
  - flutter_mapbox_navigation (0.2.2):
    - Flutter

DEPENDENCIES:
  - Flutter (from `Flutter`)
  - flutter_mapbox_navigation (from `.symlinks/plugins/flutter_mapbox_navigation/ios`)

EXTERNAL SOURCES:
  Flutter:
    :path: Flutter
  flutter_mapbox_navigation:
    :path: ".symlinks/plugins/flutter_mapbox_navigation/ios"

SPEC CHECKSUMS:
  Flutter: e0871f40cf51350855a761d2e70bf5af5b9b5de7
  flutter_mapbox_navigation: 627ca1edde920f92b53a13257a00eba20d6875c0

PODFILE CHECKSUM: 4302f0bb506ac1d45ca419c9c49ff751721dd7fe

COCOAPODS: 1.16.2
